
Microsoft Visual Studio Solution File, Format Version 12.00
# Visual Studio Version 17
VisualStudioVersion = 17.0.32126.317
MinimumVisualStudioVersion = 10.0.40219.1
Project("{FAE04EC0-301F-11D3-BF4B-00C04F79EFBC}") = "WindowsFormsApplication54", "WindowsFormsApplication54\WindowsFormsApplication54.csproj", "{3048DC6C-97FE-4024-8F5C-1038B30195B8}"
EndProject
Global
	GlobalSection(SolutionConfigurationPlatforms) = preSolution
		Debug|Any CPU = Debug|Any CPU
		Release|Any CPU = Release|Any CPU
	EndGlobalSection
	GlobalSection(ProjectConfigurationPlatforms) = postSolution
		{3048DC6C-97FE-4024-8F5C-1038B30195B8}.Debug|Any CPU.ActiveCfg = Debug|Any CPU
		{3048DC6C-97FE-4024-8F5C-1038B30195B8}.Debug|Any CPU.Build.0 = Debug|Any CPU
		{3048DC6C-97FE-4024-8F5C-1038B30195B8}.Release|Any CPU.ActiveCfg = Release|Any CPU
		{3048DC6C-97FE-4024-8F5C-1038B30195B8}.Release|Any CPU.Build.0 = Release|Any CPU
	EndGlobalSection
	GlobalSection(SolutionProperties) = preSolution
		HideSolutionNode = FALSE
	EndGlobalSection
	GlobalSection(ExtensibilityGlobals) = postSolution
		SolutionGuid = {863DE781-AC86-42E7-9034-CFEF7D60C4B3}
	EndGlobalSection
EndGlobal
