
Microsoft Visual Studio Solution File, Format Version 12.00
# Visual Studio Version 17
VisualStudioVersion = 17.0.32126.317
MinimumVisualStudioVersion = 10.0.40219.1
Project("{FAE04EC0-301F-11D3-BF4B-00C04F79EFBC}") = "WindowsFormsApplication16", "WindowsFormsApplication16\WindowsFormsApplication16.csproj", "{052AAEDD-60D9-4BE7-8AB6-361F97E9599E}"
EndProject
Global
	GlobalSection(SolutionConfigurationPlatforms) = preSolution
		Debug|Any CPU = Debug|Any CPU
		Release|Any CPU = Release|Any CPU
	EndGlobalSection
	GlobalSection(ProjectConfigurationPlatforms) = postSolution
		{052AAEDD-60D9-4BE7-8AB6-361F97E9599E}.Debug|Any CPU.ActiveCfg = Debug|Any CPU
		{052AAEDD-60D9-4BE7-8AB6-361F97E9599E}.Debug|Any CPU.Build.0 = Debug|Any CPU
		{052AAEDD-60D9-4BE7-8AB6-361F97E9599E}.Release|Any CPU.ActiveCfg = Release|Any CPU
		{052AAEDD-60D9-4BE7-8AB6-361F97E9599E}.Release|Any CPU.Build.0 = Release|Any CPU
	EndGlobalSection
	GlobalSection(SolutionProperties) = preSolution
		HideSolutionNode = FALSE
	EndGlobalSection
	GlobalSection(ExtensibilityGlobals) = postSolution
		SolutionGuid = {BEC98DD9-FF74-49A1-A5F1-7A4FA541F18C}
	EndGlobalSection
EndGlobal
