
Microsoft Visual Studio Solution File, Format Version 12.00
# Visual Studio Version 17
VisualStudioVersion = 17.0.32126.317
MinimumVisualStudioVersion = 10.0.40219.1
Project("{FAE04EC0-301F-11D3-BF4B-00C04F79EFBC}") = "WindowsFormsApplication8", "WindowsFormsApplication8\WindowsFormsApplication8.csproj", "{6BD68CC8-F069-430C-AA27-55C247DD3079}"
EndProject
Global
	GlobalSection(SolutionConfigurationPlatforms) = preSolution
		Debug|Any CPU = Debug|Any CPU
		Release|Any CPU = Release|Any CPU
	EndGlobalSection
	GlobalSection(ProjectConfigurationPlatforms) = postSolution
		{6BD68CC8-F069-430C-AA27-55C247DD3079}.Debug|Any CPU.ActiveCfg = Debug|Any CPU
		{6BD68CC8-F069-430C-AA27-55C247DD3079}.Debug|Any CPU.Build.0 = Debug|Any CPU
		{6BD68CC8-F069-430C-AA27-55C247DD3079}.Release|Any CPU.ActiveCfg = Release|Any CPU
		{6BD68CC8-F069-430C-AA27-55C247DD3079}.Release|Any CPU.Build.0 = Release|Any CPU
	EndGlobalSection
	GlobalSection(SolutionProperties) = preSolution
		HideSolutionNode = FALSE
	EndGlobalSection
	GlobalSection(ExtensibilityGlobals) = postSolution
		SolutionGuid = {59723877-D18B-4FB9-AC55-38603D79B4BB}
	EndGlobalSection
EndGlobal
