
Microsoft Visual Studio Solution File, Format Version 12.00
# Visual Studio Version 17
VisualStudioVersion = 17.0.32126.317
MinimumVisualStudioVersion = 10.0.40219.1
Project("{FAE04EC0-301F-11D3-BF4B-00C04F79EFBC}") = "WindowsFormsApplication37", "WindowsFormsApplication37\WindowsFormsApplication37.csproj", "{C9539453-988A-4FEA-9ACF-48225FC54DF9}"
EndProject
Global
	GlobalSection(SolutionConfigurationPlatforms) = preSolution
		Debug|Any CPU = Debug|Any CPU
		Release|Any CPU = Release|Any CPU
	EndGlobalSection
	GlobalSection(ProjectConfigurationPlatforms) = postSolution
		{C9539453-988A-4FEA-9ACF-48225FC54DF9}.Debug|Any CPU.ActiveCfg = Debug|Any CPU
		{C9539453-988A-4FEA-9ACF-48225FC54DF9}.Debug|Any CPU.Build.0 = Debug|Any CPU
		{C9539453-988A-4FEA-9ACF-48225FC54DF9}.Release|Any CPU.ActiveCfg = Release|Any CPU
		{C9539453-988A-4FEA-9ACF-48225FC54DF9}.Release|Any CPU.Build.0 = Release|Any CPU
	EndGlobalSection
	GlobalSection(SolutionProperties) = preSolution
		HideSolutionNode = FALSE
	EndGlobalSection
	GlobalSection(ExtensibilityGlobals) = postSolution
		SolutionGuid = {FF1589D1-FEB3-4818-BCF8-EDC6F0E23962}
	EndGlobalSection
EndGlobal
